
Microsoft Visual Studio Solution File, Format Version 12.00
# Visual Studio Version 16
VisualStudioVersion = 16.0.30503.244
MinimumVisualStudioVersion = 10.0.40219.1
Project("{FAE04EC0-301F-11D3-BF4B-00C04F79EFBC}") = "DFSM", "DFSM\DFSM.csproj", "{FAA64A01-D06A-45CB-93C4-EC12778C7E25}"
EndProject
Global
	GlobalSection(SolutionConfigurationPlatforms) = preSolution
		Debug|Any CPU = Debug|Any CPU
		Release|Any CPU = Release|Any CPU
	EndGlobalSection
	GlobalSection(ProjectConfigurationPlatforms) = postSolution
		{FAA64A01-D06A-45CB-93C4-EC12778C7E25}.Debug|Any CPU.ActiveCfg = Debug|Any CPU
		{FAA64A01-D06A-45CB-93C4-EC12778C7E25}.Debug|Any CPU.Build.0 = Debug|Any CPU
		{FAA64A01-D06A-45CB-93C4-EC12778C7E25}.Release|Any CPU.ActiveCfg = Release|Any CPU
		{FAA64A01-D06A-45CB-93C4-EC12778C7E25}.Release|Any CPU.Build.0 = Release|Any CPU
	EndGlobalSection
	GlobalSection(SolutionProperties) = preSolution
		HideSolutionNode = FALSE
	EndGlobalSection
	GlobalSection(ExtensibilityGlobals) = postSolution
		SolutionGuid = {83860A36-E8FD-4BE0-A8B8-B7012830A6AD}
	EndGlobalSection
EndGlobal
